
Microsoft Visual Studio Solution File, Format Version 12.00
# Visual Studio Version 16
VisualStudioVersion = 16.0.34031.81
MinimumVisualStudioVersion = 10.0.40219.1
Project("{FAE04EC0-301F-11D3-BF4B-00C04F79EFBC}") = "sequencia impares", "sequencia impares\sequencia impares.csproj", "{763A8C66-D112-4E57-B3DE-65911585D65A}"
EndProject
Global
	GlobalSection(SolutionConfigurationPlatforms) = preSolution
		Debug|Any CPU = Debug|Any CPU
		Release|Any CPU = Release|Any CPU
	EndGlobalSection
	GlobalSection(ProjectConfigurationPlatforms) = postSolution
		{763A8C66-D112-4E57-B3DE-65911585D65A}.Debug|Any CPU.ActiveCfg = Debug|Any CPU
		{763A8C66-D112-4E57-B3DE-65911585D65A}.Debug|Any CPU.Build.0 = Debug|Any CPU
		{763A8C66-D112-4E57-B3DE-65911585D65A}.Release|Any CPU.ActiveCfg = Release|Any CPU
		{763A8C66-D112-4E57-B3DE-65911585D65A}.Release|Any CPU.Build.0 = Release|Any CPU
	EndGlobalSection
	GlobalSection(SolutionProperties) = preSolution
		HideSolutionNode = FALSE
	EndGlobalSection
	GlobalSection(ExtensibilityGlobals) = postSolution
		SolutionGuid = {6B9CB831-9CF9-4279-A977-CCA6440E5A6D}
	EndGlobalSection
EndGlobal
